
Microsoft Visual Studio Solution File, Format Version 12.00
# Visual Studio Express 2012 for Windows Desktop
Project("{FAE04EC0-301F-11D3-BF4B-00C04F79EFBC}") = "RRSERVER", "RRSERVER.CSPROJ", "{58D8101D-8611-4F21-83B9-E503DF72D625}"
EndProject
Global
	GlobalSection(SolutionConfigurationPlatforms) = preSolution
		Debug|Any CPU = Debug|Any CPU
	EndGlobalSection
	GlobalSection(ProjectConfigurationPlatforms) = postSolution
		{58D8101D-8611-4F21-83B9-E503DF72D625}.Debug|Any CPU.ActiveCfg = Debug|Any CPU
		{58D8101D-8611-4F21-83B9-E503DF72D625}.Debug|Any CPU.Build.0 = Debug|Any CPU
	EndGlobalSection
	GlobalSection(SolutionProperties) = preSolution
		HideSolutionNode = FALSE
	EndGlobalSection
EndGlobal
